
Microsoft Visual Studio Solution File, Format Version 12.00
# Visual Studio Version 16
VisualStudioVersion = 16.0.30804.86
MinimumVisualStudioVersion = 10.0.40219.1
Project("{9A19103F-16F7-4668-BE54-9A1E7A4F7556}") = "GeoMedAPI", "GeoMedAPI\GeoMedAPI.csproj", "{CA6278EF-CC1B-4C9D-B2C2-9646077A576C}"
EndProject
Project("{2150E333-8FDC-42A3-9474-1A3956D46DE8}") = "GMAPI", "GMAPI", "{79EB306F-5211-43AC-AEEB-0A0A9F074B9D}"
EndProject
Project("{2150E333-8FDC-42A3-9474-1A3956D46DE8}") = "Infrastructure", "Infrastructure", "{1E2A6DA2-89C1-4BFF-A3FF-6DA86F1D4B59}"
EndProject
Project("{9A19103F-16F7-4668-BE54-9A1E7A4F7556}") = "GMAPI.Model", "GMAPI.Model\GMAPI.Model.csproj", "{3F0D0781-AD92-4E33-B62E-2ABE64320F0E}"
EndProject
Project("{9A19103F-16F7-4668-BE54-9A1E7A4F7556}") = "GMAPI.SqlServer", "GMAPI.SqlServer\GMAPI.SqlServer.csproj", "{26EF515B-2028-4544-8637-415B7212DACD}"
EndProject
Project("{2150E333-8FDC-42A3-9474-1A3956D46DE8}") = "SharedKernal", "SharedKernal", "{15595655-A623-499F-9371-1F5E9162DC85}"
EndProject
Project("{9A19103F-16F7-4668-BE54-9A1E7A4F7556}") = "GMAPI.SharedKernal", "GMAPI.SharedKernal\GMAPI.SharedKernal.csproj", "{A215B08A-F174-45D8-8465-F2C23BE92420}"
EndProject
Project("{2150E333-8FDC-42A3-9474-1A3956D46DE8}") = "BoundedContext", "BoundedContext", "{87E289E1-A0FF-41A7-90C6-11C5349FE15D}"
EndProject
Project("{2150E333-8FDC-42A3-9474-1A3956D46DE8}") = "GMIdenityServer", "GMIdenityServer", "{57DCC6AF-1CF7-424F-8105-0CBA5F3D411D}"
EndProject
Project("{9A19103F-16F7-4668-BE54-9A1E7A4F7556}") = "GMIdentityServer", "GMIdentityServer\GMIdentityServer.csproj", "{D99E5010-4D56-406C-922F-0AF36C532A4D}"
EndProject
Project("{2150E333-8FDC-42A3-9474-1A3956D46DE8}") = "IdenSevrMain", "IdenSevrMain", "{2BF008D8-D15A-497C-AE18-95290E9CBFEE}"
EndProject
Project("{9A19103F-16F7-4668-BE54-9A1E7A4F7556}") = "IdentitySqlServer", "IdentitySqlServer\IdentitySqlServer.csproj", "{820A7D28-8827-4605-8F53-64CA7F1D0102}"
EndProject
Project("{2150E333-8FDC-42A3-9474-1A3956D46DE8}") = "Infrastructure", "Infrastructure", "{56755CC7-AEE4-44F1-ACCF-06480901CD95}"
EndProject
Project("{2150E333-8FDC-42A3-9474-1A3956D46DE8}") = "BoundedContext", "BoundedContext", "{19FE66BA-1235-42EB-B6DA-BD48FFAA4698}"
EndProject
Project("{2150E333-8FDC-42A3-9474-1A3956D46DE8}") = "Account", "Account", "{26A67E3D-5535-4CFB-B981-C809FEDB8BF1}"
EndProject
Project("{FAE04EC0-301F-11D3-BF4B-00C04F79EFBC}") = "IdentityServer.Data", "IdentityServer.Data\IdentityServer.Data.csproj", "{AEC4E35E-F5A0-4C40-AD1B-87F1CDE95EE0}"
EndProject
Project("{FAE04EC0-301F-11D3-BF4B-00C04F79EFBC}") = "IdentityServer.IData", "IdentityServer.IData\IdentityServer.IData.csproj", "{5250E6C0-F00D-431E-8204-A3C96C3B9A6A}"
EndProject
Project("{FAE04EC0-301F-11D3-BF4B-00C04F79EFBC}") = "IdentityServer.Dto", "IdentityServer.Dto\IdentityServer.Dto.csproj", "{D9E07DEC-5887-49A6-ABE9-5F057DF79CED}"
EndProject
Project("{2150E333-8FDC-42A3-9474-1A3956D46DE8}") = "Base", "Base", "{4C174E4B-69B3-4ECD-B099-EF6A0F83F558}"
EndProject
Project("{FAE04EC0-301F-11D3-BF4B-00C04F79EFBC}") = "GM.Base", "GM.Base\GM.Base.csproj", "{86C15585-7C2A-489C-82C8-07B968B60586}"
EndProject
Project("{2150E333-8FDC-42A3-9474-1A3956D46DE8}") = "Base", "Base", "{FF5A1FC6-4FE8-429B-ABA4-E2212281481D}"
EndProject
Project("{FAE04EC0-301F-11D3-BF4B-00C04F79EFBC}") = "IdentityServer.Base", "IdentityServer.Base\IdentityServer.Base.csproj", "{C80C3C3F-C52D-43B2-A3CA-9F5EC56CB534}"
EndProject
Project("{FAE04EC0-301F-11D3-BF4B-00C04F79EFBC}") = "IdentityServerModels", "IdentityServerModels\IdentityServerModels.csproj", "{97C81336-479C-446B-B61C-F175002FB619}"
EndProject
Project("{2150E333-8FDC-42A3-9474-1A3956D46DE8}") = "GeoMedAPI", "GeoMedAPI", "{80259B20-EB82-418F-AFBD-A64022FEAC08}"
EndProject
Global
	GlobalSection(SolutionConfigurationPlatforms) = preSolution
		Debug|Any CPU = Debug|Any CPU
		Release|Any CPU = Release|Any CPU
	EndGlobalSection
	GlobalSection(ProjectConfigurationPlatforms) = postSolution
		{CA6278EF-CC1B-4C9D-B2C2-9646077A576C}.Debug|Any CPU.ActiveCfg = Debug|Any CPU
		{CA6278EF-CC1B-4C9D-B2C2-9646077A576C}.Debug|Any CPU.Build.0 = Debug|Any CPU
		{CA6278EF-CC1B-4C9D-B2C2-9646077A576C}.Release|Any CPU.ActiveCfg = Release|Any CPU
		{CA6278EF-CC1B-4C9D-B2C2-9646077A576C}.Release|Any CPU.Build.0 = Release|Any CPU
		{3F0D0781-AD92-4E33-B62E-2ABE64320F0E}.Debug|Any CPU.ActiveCfg = Debug|Any CPU
		{3F0D0781-AD92-4E33-B62E-2ABE64320F0E}.Debug|Any CPU.Build.0 = Debug|Any CPU
		{3F0D0781-AD92-4E33-B62E-2ABE64320F0E}.Release|Any CPU.ActiveCfg = Release|Any CPU
		{3F0D0781-AD92-4E33-B62E-2ABE64320F0E}.Release|Any CPU.Build.0 = Release|Any CPU
		{26EF515B-2028-4544-8637-415B7212DACD}.Debug|Any CPU.ActiveCfg = Debug|Any CPU
		{26EF515B-2028-4544-8637-415B7212DACD}.Debug|Any CPU.Build.0 = Debug|Any CPU
		{26EF515B-2028-4544-8637-415B7212DACD}.Release|Any CPU.ActiveCfg = Release|Any CPU
		{26EF515B-2028-4544-8637-415B7212DACD}.Release|Any CPU.Build.0 = Release|Any CPU
		{A215B08A-F174-45D8-8465-F2C23BE92420}.Debug|Any CPU.ActiveCfg = Debug|Any CPU
		{A215B08A-F174-45D8-8465-F2C23BE92420}.Debug|Any CPU.Build.0 = Debug|Any CPU
		{A215B08A-F174-45D8-8465-F2C23BE92420}.Release|Any CPU.ActiveCfg = Release|Any CPU
		{A215B08A-F174-45D8-8465-F2C23BE92420}.Release|Any CPU.Build.0 = Release|Any CPU
		{D99E5010-4D56-406C-922F-0AF36C532A4D}.Debug|Any CPU.ActiveCfg = Debug|Any CPU
		{D99E5010-4D56-406C-922F-0AF36C532A4D}.Debug|Any CPU.Build.0 = Debug|Any CPU
		{D99E5010-4D56-406C-922F-0AF36C532A4D}.Release|Any CPU.ActiveCfg = Release|Any CPU
		{D99E5010-4D56-406C-922F-0AF36C532A4D}.Release|Any CPU.Build.0 = Release|Any CPU
		{820A7D28-8827-4605-8F53-64CA7F1D0102}.Debug|Any CPU.ActiveCfg = Debug|Any CPU
		{820A7D28-8827-4605-8F53-64CA7F1D0102}.Debug|Any CPU.Build.0 = Debug|Any CPU
		{820A7D28-8827-4605-8F53-64CA7F1D0102}.Release|Any CPU.ActiveCfg = Release|Any CPU
		{820A7D28-8827-4605-8F53-64CA7F1D0102}.Release|Any CPU.Build.0 = Release|Any CPU
		{AEC4E35E-F5A0-4C40-AD1B-87F1CDE95EE0}.Debug|Any CPU.ActiveCfg = Debug|Any CPU
		{AEC4E35E-F5A0-4C40-AD1B-87F1CDE95EE0}.Debug|Any CPU.Build.0 = Debug|Any CPU
		{AEC4E35E-F5A0-4C40-AD1B-87F1CDE95EE0}.Release|Any CPU.ActiveCfg = Release|Any CPU
		{AEC4E35E-F5A0-4C40-AD1B-87F1CDE95EE0}.Release|Any CPU.Build.0 = Release|Any CPU
		{5250E6C0-F00D-431E-8204-A3C96C3B9A6A}.Debug|Any CPU.ActiveCfg = Debug|Any CPU
		{5250E6C0-F00D-431E-8204-A3C96C3B9A6A}.Debug|Any CPU.Build.0 = Debug|Any CPU
		{5250E6C0-F00D-431E-8204-A3C96C3B9A6A}.Release|Any CPU.ActiveCfg = Release|Any CPU
		{5250E6C0-F00D-431E-8204-A3C96C3B9A6A}.Release|Any CPU.Build.0 = Release|Any CPU
		{D9E07DEC-5887-49A6-ABE9-5F057DF79CED}.Debug|Any CPU.ActiveCfg = Debug|Any CPU
		{D9E07DEC-5887-49A6-ABE9-5F057DF79CED}.Debug|Any CPU.Build.0 = Debug|Any CPU
		{D9E07DEC-5887-49A6-ABE9-5F057DF79CED}.Release|Any CPU.ActiveCfg = Release|Any CPU
		{D9E07DEC-5887-49A6-ABE9-5F057DF79CED}.Release|Any CPU.Build.0 = Release|Any CPU
		{86C15585-7C2A-489C-82C8-07B968B60586}.Debug|Any CPU.ActiveCfg = Debug|Any CPU
		{86C15585-7C2A-489C-82C8-07B968B60586}.Debug|Any CPU.Build.0 = Debug|Any CPU
		{86C15585-7C2A-489C-82C8-07B968B60586}.Release|Any CPU.ActiveCfg = Release|Any CPU
		{86C15585-7C2A-489C-82C8-07B968B60586}.Release|Any CPU.Build.0 = Release|Any CPU
		{C80C3C3F-C52D-43B2-A3CA-9F5EC56CB534}.Debug|Any CPU.ActiveCfg = Debug|Any CPU
		{C80C3C3F-C52D-43B2-A3CA-9F5EC56CB534}.Debug|Any CPU.Build.0 = Debug|Any CPU
		{C80C3C3F-C52D-43B2-A3CA-9F5EC56CB534}.Release|Any CPU.ActiveCfg = Release|Any CPU
		{C80C3C3F-C52D-43B2-A3CA-9F5EC56CB534}.Release|Any CPU.Build.0 = Release|Any CPU
		{97C81336-479C-446B-B61C-F175002FB619}.Debug|Any CPU.ActiveCfg = Debug|Any CPU
		{97C81336-479C-446B-B61C-F175002FB619}.Debug|Any CPU.Build.0 = Debug|Any CPU
		{97C81336-479C-446B-B61C-F175002FB619}.Release|Any CPU.ActiveCfg = Release|Any CPU
		{97C81336-479C-446B-B61C-F175002FB619}.Release|Any CPU.Build.0 = Release|Any CPU
	EndGlobalSection
	GlobalSection(SolutionProperties) = preSolution
		HideSolutionNode = FALSE
	EndGlobalSection
	GlobalSection(NestedProjects) = preSolution
		{CA6278EF-CC1B-4C9D-B2C2-9646077A576C} = {79EB306F-5211-43AC-AEEB-0A0A9F074B9D}
		{79EB306F-5211-43AC-AEEB-0A0A9F074B9D} = {80259B20-EB82-418F-AFBD-A64022FEAC08}
		{1E2A6DA2-89C1-4BFF-A3FF-6DA86F1D4B59} = {80259B20-EB82-418F-AFBD-A64022FEAC08}
		{3F0D0781-AD92-4E33-B62E-2ABE64320F0E} = {1E2A6DA2-89C1-4BFF-A3FF-6DA86F1D4B59}
		{26EF515B-2028-4544-8637-415B7212DACD} = {1E2A6DA2-89C1-4BFF-A3FF-6DA86F1D4B59}
		{15595655-A623-499F-9371-1F5E9162DC85} = {80259B20-EB82-418F-AFBD-A64022FEAC08}
		{A215B08A-F174-45D8-8465-F2C23BE92420} = {15595655-A623-499F-9371-1F5E9162DC85}
		{87E289E1-A0FF-41A7-90C6-11C5349FE15D} = {80259B20-EB82-418F-AFBD-A64022FEAC08}
		{D99E5010-4D56-406C-922F-0AF36C532A4D} = {2BF008D8-D15A-497C-AE18-95290E9CBFEE}
		{2BF008D8-D15A-497C-AE18-95290E9CBFEE} = {57DCC6AF-1CF7-424F-8105-0CBA5F3D411D}
		{820A7D28-8827-4605-8F53-64CA7F1D0102} = {56755CC7-AEE4-44F1-ACCF-06480901CD95}
		{56755CC7-AEE4-44F1-ACCF-06480901CD95} = {57DCC6AF-1CF7-424F-8105-0CBA5F3D411D}
		{19FE66BA-1235-42EB-B6DA-BD48FFAA4698} = {57DCC6AF-1CF7-424F-8105-0CBA5F3D411D}
		{26A67E3D-5535-4CFB-B981-C809FEDB8BF1} = {19FE66BA-1235-42EB-B6DA-BD48FFAA4698}
		{AEC4E35E-F5A0-4C40-AD1B-87F1CDE95EE0} = {26A67E3D-5535-4CFB-B981-C809FEDB8BF1}
		{5250E6C0-F00D-431E-8204-A3C96C3B9A6A} = {26A67E3D-5535-4CFB-B981-C809FEDB8BF1}
		{D9E07DEC-5887-49A6-ABE9-5F057DF79CED} = {26A67E3D-5535-4CFB-B981-C809FEDB8BF1}
		{4C174E4B-69B3-4ECD-B099-EF6A0F83F558} = {87E289E1-A0FF-41A7-90C6-11C5349FE15D}
		{86C15585-7C2A-489C-82C8-07B968B60586} = {4C174E4B-69B3-4ECD-B099-EF6A0F83F558}
		{FF5A1FC6-4FE8-429B-ABA4-E2212281481D} = {19FE66BA-1235-42EB-B6DA-BD48FFAA4698}
		{C80C3C3F-C52D-43B2-A3CA-9F5EC56CB534} = {FF5A1FC6-4FE8-429B-ABA4-E2212281481D}
		{97C81336-479C-446B-B61C-F175002FB619} = {56755CC7-AEE4-44F1-ACCF-06480901CD95}
	EndGlobalSection
	GlobalSection(ExtensibilityGlobals) = postSolution
		SolutionGuid = {46C2BACD-66E6-4FD4-8282-0954D1B54B52}
	EndGlobalSection
EndGlobal
